
Microsoft Visual Studio Solution File, Format Version 12.00
# Visual Studio 15
VisualStudioVersion = 15.0.28307.757
MinimumVisualStudioVersion = 10.0.40219.1
Project("{FAE04EC0-301F-11D3-BF4B-00C04F79EFBC}") = "Parcial2A2", "Parcial1A2\Parcial2A2.csproj", "{C2FBA561-CF3F-4F83-944D-5ED2FDC6719A}"
EndProject
Project("{FAE04EC0-301F-11D3-BF4B-00C04F79EFBC}") = "DAL", "DAL\DAL.csproj", "{C297E6E3-073E-44AC-AE7F-C9628505027B}"
EndProject
Project("{FAE04EC0-301F-11D3-BF4B-00C04F79EFBC}") = "BLL", "BLL\BLL.csproj", "{4669761D-A2A8-4B4C-835F-51208380193B}"
EndProject
Project("{FAE04EC0-301F-11D3-BF4B-00C04F79EFBC}") = "Entidades", "Entidades\Entidades.csproj", "{DD9E937A-ABEA-40DC-9ECB-B12298DE46BE}"
EndProject
Project("{FAE04EC0-301F-11D3-BF4B-00C04F79EFBC}") = "ParcialA2.Test", "ParcialA2.Test\ParcialA2.Test.csproj", "{483CB750-9AB8-4407-ACB4-62DAEA6CB97A}"
EndProject
Global
	GlobalSection(SolutionConfigurationPlatforms) = preSolution
		Debug|Any CPU = Debug|Any CPU
		Release|Any CPU = Release|Any CPU
	EndGlobalSection
	GlobalSection(ProjectConfigurationPlatforms) = postSolution
		{C2FBA561-CF3F-4F83-944D-5ED2FDC6719A}.Debug|Any CPU.ActiveCfg = Debug|Any CPU
		{C2FBA561-CF3F-4F83-944D-5ED2FDC6719A}.Debug|Any CPU.Build.0 = Debug|Any CPU
		{C2FBA561-CF3F-4F83-944D-5ED2FDC6719A}.Release|Any CPU.ActiveCfg = Debug|Any CPU
		{C2FBA561-CF3F-4F83-944D-5ED2FDC6719A}.Release|Any CPU.Build.0 = Debug|Any CPU
		{C297E6E3-073E-44AC-AE7F-C9628505027B}.Debug|Any CPU.ActiveCfg = Debug|Any CPU
		{C297E6E3-073E-44AC-AE7F-C9628505027B}.Debug|Any CPU.Build.0 = Debug|Any CPU
		{C297E6E3-073E-44AC-AE7F-C9628505027B}.Release|Any CPU.ActiveCfg = Debug|Any CPU
		{C297E6E3-073E-44AC-AE7F-C9628505027B}.Release|Any CPU.Build.0 = Debug|Any CPU
		{4669761D-A2A8-4B4C-835F-51208380193B}.Debug|Any CPU.ActiveCfg = Debug|Any CPU
		{4669761D-A2A8-4B4C-835F-51208380193B}.Debug|Any CPU.Build.0 = Debug|Any CPU
		{4669761D-A2A8-4B4C-835F-51208380193B}.Release|Any CPU.ActiveCfg = Debug|Any CPU
		{4669761D-A2A8-4B4C-835F-51208380193B}.Release|Any CPU.Build.0 = Debug|Any CPU
		{DD9E937A-ABEA-40DC-9ECB-B12298DE46BE}.Debug|Any CPU.ActiveCfg = Debug|Any CPU
		{DD9E937A-ABEA-40DC-9ECB-B12298DE46BE}.Debug|Any CPU.Build.0 = Debug|Any CPU
		{DD9E937A-ABEA-40DC-9ECB-B12298DE46BE}.Release|Any CPU.ActiveCfg = Debug|Any CPU
		{DD9E937A-ABEA-40DC-9ECB-B12298DE46BE}.Release|Any CPU.Build.0 = Debug|Any CPU
		{483CB750-9AB8-4407-ACB4-62DAEA6CB97A}.Debug|Any CPU.ActiveCfg = Debug|Any CPU
		{483CB750-9AB8-4407-ACB4-62DAEA6CB97A}.Debug|Any CPU.Build.0 = Debug|Any CPU
		{483CB750-9AB8-4407-ACB4-62DAEA6CB97A}.Release|Any CPU.ActiveCfg = Debug|Any CPU
		{483CB750-9AB8-4407-ACB4-62DAEA6CB97A}.Release|Any CPU.Build.0 = Debug|Any CPU
	EndGlobalSection
	GlobalSection(SolutionProperties) = preSolution
		HideSolutionNode = FALSE
	EndGlobalSection
	GlobalSection(ExtensibilityGlobals) = postSolution
		SolutionGuid = {ECA5F83D-7788-472D-80E1-CDBC8B1803EA}
	EndGlobalSection
EndGlobal
